// !$*UTF8*$!
{
	archiveVersion = 1;
	classes = {
	};
	objectVersion = 77;
	objects = {

/* Begin PBXBuildFile section */
		80FF475E2E38530800457F0B /* WidgetKit.framework in Frameworks */ = {isa = PBXBuildFile; fileRef = 80FF3B3C2E384CA900457F0B /* WidgetKit.framework */; };
		80FF475F2E38530800457F0B /* SwiftUI.framework in Frameworks */ = {isa = PBXBuildFile; fileRef = 80FF3B3E2E384CA900457F0B /* SwiftUI.framework */; };
		80FF476E2E38530A00457F0B /* Giant Text WidgetExtension.appex in Embed Foundation Extensions */ = {isa = PBXBuildFile; fileRef = 80FF475D2E38530800457F0B /* Giant Text WidgetExtension.appex */; platformFilters = (ios, ); settings = {ATTRIBUTES = (RemoveHeadersOnCopy, ); }; };
/* End PBXBuildFile section */

/* Begin PBXContainerItemProxy section */
		8097C33C2E36B7B7005B8C82 /* PBXContainerItemProxy */ = {
			isa = PBXContainerItemProxy;
			containerPortal = 8097C3232E36B7B6005B8C82 /* Project object */;
			proxyType = 1;
			remoteGlobalIDString = 8097C32A2E36B7B6005B8C82;
			remoteInfo = "Giant Text";
		};
		8097C3462E36B7B7005B8C82 /* PBXContainerItemProxy */ = {
			isa = PBXContainerItemProxy;
			containerPortal = 8097C3232E36B7B6005B8C82 /* Project object */;
			proxyType = 1;
			remoteGlobalIDString = 8097C32A2E36B7B6005B8C82;
			remoteInfo = "Giant Text";
		};
		80FF476C2E38530A00457F0B /* PBXContainerItemProxy */ = {
			isa = PBXContainerItemProxy;
			containerPortal = 8097C3232E36B7B6005B8C82 /* Project object */;
			proxyType = 1;
			remoteGlobalIDString = 80FF475C2E38530800457F0B;
			remoteInfo = "Giant Text WidgetExtension";
		};
/* End PBXContainerItemProxy section */

/* Begin PBXCopyFilesBuildPhase section */
		80FF476F2E38530A00457F0B /* Embed Foundation Extensions */ = {
			isa = PBXCopyFilesBuildPhase;
			buildActionMask = 2147483647;
			dstPath = "";
			dstSubfolderSpec = 13;
			files = (
				80FF476E2E38530A00457F0B /* Giant Text WidgetExtension.appex in Embed Foundation Extensions */,
			);
			name = "Embed Foundation Extensions";
			runOnlyForDeploymentPostprocessing = 0;
		};
/* End PBXCopyFilesBuildPhase section */

/* Begin PBXFileReference section */
		80532D842EA1F0680051DA76 /* Giant Text WidgetExtension.entitlements */ = {isa = PBXFileReference; lastKnownFileType = text.plist.entitlements; path = "Giant Text WidgetExtension.entitlements"; sourceTree = "<group>"; };
		8097C32B2E36B7B6005B8C82 /* Giant Text.app */ = {isa = PBXFileReference; explicitFileType = wrapper.application; includeInIndex = 0; path = "Giant Text.app"; sourceTree = BUILT_PRODUCTS_DIR; };
		8097C33B2E36B7B7005B8C82 /* Giant TextTests.xctest */ = {isa = PBXFileReference; explicitFileType = wrapper.cfbundle; includeInIndex = 0; path = "Giant TextTests.xctest"; sourceTree = BUILT_PRODUCTS_DIR; };
		8097C3452E36B7B7005B8C82 /* Giant TextUITests.xctest */ = {isa = PBXFileReference; explicitFileType = wrapper.cfbundle; includeInIndex = 0; path = "Giant TextUITests.xctest"; sourceTree = BUILT_PRODUCTS_DIR; };
		80FF3B3C2E384CA900457F0B /* WidgetKit.framework */ = {isa = PBXFileReference; lastKnownFileType = wrapper.framework; name = WidgetKit.framework; path = System/Library/Frameworks/WidgetKit.framework; sourceTree = SDKROOT; };
		80FF3B3E2E384CA900457F0B /* SwiftUI.framework */ = {isa = PBXFileReference; lastKnownFileType = wrapper.framework; name = SwiftUI.framework; path = System/Library/Frameworks/SwiftUI.framework; sourceTree = SDKROOT; };
		80FF475D2E38530800457F0B /* Giant Text WidgetExtension.appex */ = {isa = PBXFileReference; explicitFileType = "wrapper.app-extension"; includeInIndex = 0; path = "Giant Text WidgetExtension.appex"; sourceTree = BUILT_PRODUCTS_DIR; };
/* End PBXFileReference section */

/* Begin PBXFileSystemSynchronizedBuildFileExceptionSet section */
		80FF47722E38530A00457F0B /* Exceptions for "Giant Text Widget" folder in "Giant Text WidgetExtension" target */ = {
			isa = PBXFileSystemSynchronizedBuildFileExceptionSet;
			membershipExceptions = (
				Info.plist,
			);
			target = 80FF475C2E38530800457F0B /* Giant Text WidgetExtension */;
		};
/* End PBXFileSystemSynchronizedBuildFileExceptionSet section */

/* Begin PBXFileSystemSynchronizedRootGroup section */
		8097C32D2E36B7B6005B8C82 /* Giant Text */ = {
			isa = PBXFileSystemSynchronizedRootGroup;
			path = "Giant Text";
			sourceTree = "<group>";
		};
		8097C33E2E36B7B7005B8C82 /* Giant TextTests */ = {
			isa = PBXFileSystemSynchronizedRootGroup;
			path = "Giant TextTests";
			sourceTree = "<group>";
		};
		8097C3482E36B7B7005B8C82 /* Giant TextUITests */ = {
			isa = PBXFileSystemSynchronizedRootGroup;
			path = "Giant TextUITests";
			sourceTree = "<group>";
		};
		80FF47602E38530800457F0B /* Giant Text Widget */ = {
			isa = PBXFileSystemSynchronizedRootGroup;
			exceptions = (
				80FF47722E38530A00457F0B /* Exceptions for "Giant Text Widget" folder in "Giant Text WidgetExtension" target */,
			);
			path = "Giant Text Widget";
			sourceTree = "<group>";
		};
/* End PBXFileSystemSynchronizedRootGroup section */

/* Begin PBXFrameworksBuildPhase section */
		8097C3282E36B7B6005B8C82 /* Frameworks */ = {
			isa = PBXFrameworksBuildPhase;
			buildActionMask = 2147483647;
			files = (
			);
			runOnlyForDeploymentPostprocessing = 0;
		};
		8097C3382E36B7B7005B8C82 /* Frameworks */ = {
			isa = PBXFrameworksBuildPhase;
			buildActionMask = 2147483647;
			files = (
			);
			runOnlyForDeploymentPostprocessing = 0;
		};
		8097C3422E36B7B7005B8C82 /* Frameworks */ = {
			isa = PBXFrameworksBuildPhase;
			buildActionMask = 2147483647;
			files = (
			);
			runOnlyForDeploymentPostprocessing = 0;
		};
		80FF475A2E38530800457F0B /* Frameworks */ = {
			isa = PBXFrameworksBuildPhase;
			buildActionMask = 2147483647;
			files = (
				80FF475F2E38530800457F0B /* SwiftUI.framework in Frameworks */,
				80FF475E2E38530800457F0B /* WidgetKit.framework in Frameworks */,
			);
			runOnlyForDeploymentPostprocessing = 0;
		};
/* End PBXFrameworksBuildPhase section */

/* Begin PBXGroup section */
		8097C3222E36B7B6005B8C82 = {
			isa = PBXGroup;
			children = (
				80532D842EA1F0680051DA76 /* Giant Text WidgetExtension.entitlements */,
				8097C32D2E36B7B6005B8C82 /* Giant Text */,
				8097C33E2E36B7B7005B8C82 /* Giant TextTests */,
				8097C3482E36B7B7005B8C82 /* Giant TextUITests */,
				80FF47602E38530800457F0B /* Giant Text Widget */,
				80FF3B3B2E384CA900457F0B /* Frameworks */,
				8097C32C2E36B7B6005B8C82 /* Products */,
			);
			sourceTree = "<group>";
		};
		8097C32C2E36B7B6005B8C82 /* Products */ = {
			isa = PBXGroup;
			children = (
				8097C32B2E36B7B6005B8C82 /* Giant Text.app */,
				8097C33B2E36B7B7005B8C82 /* Giant TextTests.xctest */,
				8097C3452E36B7B7005B8C82 /* Giant TextUITests.xctest */,
				80FF475D2E38530800457F0B /* Giant Text WidgetExtension.appex */,
			);
			name = Products;
			sourceTree = "<group>";
		};
		80FF3B3B2E384CA900457F0B /* Frameworks */ = {
			isa = PBXGroup;
			children = (
				80FF3B3C2E384CA900457F0B /* WidgetKit.framework */,
				80FF3B3E2E384CA900457F0B /* SwiftUI.framework */,
			);
			name = Frameworks;
			sourceTree = "<group>";
		};
/* End PBXGroup section */

/* Begin PBXNativeTarget section */
		8097C32A2E36B7B6005B8C82 /* Giant Text */ = {
			isa = PBXNativeTarget;
			buildConfigurationList = 8097C34F2E36B7B7005B8C82 /* Build configuration list for PBXNativeTarget "Giant Text" */;
			buildPhases = (
				8097C3272E36B7B6005B8C82 /* Sources */,
				8097C3282E36B7B6005B8C82 /* Frameworks */,
				8097C3292E36B7B6005B8C82 /* Resources */,
				80FF476F2E38530A00457F0B /* Embed Foundation Extensions */,
			);
			buildRules = (
			);
			dependencies = (
				80FF476D2E38530A00457F0B /* PBXTargetDependency */,
			);
			fileSystemSynchronizedGroups = (
				8097C32D2E36B7B6005B8C82 /* Giant Text */,
			);
			name = "Giant Text";
			packageProductDependencies = (
			);
			productName = GT;
			productReference = 8097C32B2E36B7B6005B8C82 /* Giant Text.app */;
			productType = "com.apple.product-type.application";
		};
		8097C33A2E36B7B7005B8C82 /* Giant TextTests */ = {
			isa = PBXNativeTarget;
			buildConfigurationList = 8097C3522E36B7B7005B8C82 /* Build configuration list for PBXNativeTarget "Giant TextTests" */;
			buildPhases = (
				8097C3372E36B7B7005B8C82 /* Sources */,
				8097C3382E36B7B7005B8C82 /* Frameworks */,
				8097C3392E36B7B7005B8C82 /* Resources */,
			);
			buildRules = (
			);
			dependencies = (
				8097C33D2E36B7B7005B8C82 /* PBXTargetDependency */,
			);
			fileSystemSynchronizedGroups = (
				8097C33E2E36B7B7005B8C82 /* Giant TextTests */,
			);
			name = "Giant TextTests";
			packageProductDependencies = (
			);
			productName = "Giant TextTests";
			productReference = 8097C33B2E36B7B7005B8C82 /* Giant TextTests.xctest */;
			productType = "com.apple.product-type.bundle.unit-test";
		};
		8097C3442E36B7B7005B8C82 /* Giant TextUITests */ = {
			isa = PBXNativeTarget;
			buildConfigurationList = 8097C3552E36B7B7005B8C82 /* Build configuration list for PBXNativeTarget "Giant TextUITests" */;
			buildPhases = (
				8097C3412E36B7B7005B8C82 /* Sources */,
				8097C3422E36B7B7005B8C82 /* Frameworks */,
				8097C3432E36B7B7005B8C82 /* Resources */,
			);
			buildRules = (
			);
			dependencies = (
				8097C3472E36B7B7005B8C82 /* PBXTargetDependency */,
			);
			fileSystemSynchronizedGroups = (
				8097C3482E36B7B7005B8C82 /* Giant TextUITests */,
			);
			name = "Giant TextUITests";
			packageProductDependencies = (
			);
			productName = "Giant TextUITests";
			productReference = 8097C3452E36B7B7005B8C82 /* Giant TextUITests.xctest */;
			productType = "com.apple.product-type.bundle.ui-testing";
		};
		80FF475C2E38530800457F0B /* Giant Text WidgetExtension */ = {
			isa = PBXNativeTarget;
			buildConfigurationList = 80FF47732E38530A00457F0B /* Build configuration list for PBXNativeTarget "Giant Text WidgetExtension" */;
			buildPhases = (
				80FF47592E38530800457F0B /* Sources */,
				80FF475A2E38530800457F0B /* Frameworks */,
				80FF475B2E38530800457F0B /* Resources */,
			);
			buildRules = (
			);
			dependencies = (
			);
			fileSystemSynchronizedGroups = (
				80FF47602E38530800457F0B /* Giant Text Widget */,
			);
			name = "Giant Text WidgetExtension";
			packageProductDependencies = (
			);
			productName = "Giant Text WidgetExtension";
			productReference = 80FF475D2E38530800457F0B /* Giant Text WidgetExtension.appex */;
			productType = "com.apple.product-type.app-extension";
		};
/* End PBXNativeTarget section */

/* Begin PBXProject section */
		8097C3232E36B7B6005B8C82 /* Project object */ = {
			isa = PBXProject;
			attributes = {
				BuildIndependentTargetsInParallel = 1;
				LastSwiftUpdateCheck = 1640;
				LastUpgradeCheck = 1640;
				TargetAttributes = {
					8097C32A2E36B7B6005B8C82 = {
						CreatedOnToolsVersion = 16.4;
					};
					8097C33A2E36B7B7005B8C82 = {
						CreatedOnToolsVersion = 16.4;
						TestTargetID = 8097C32A2E36B7B6005B8C82;
					};
					8097C3442E36B7B7005B8C82 = {
						CreatedOnToolsVersion = 16.4;
						TestTargetID = 8097C32A2E36B7B6005B8C82;
					};
					80FF475C2E38530800457F0B = {
						CreatedOnToolsVersion = 16.4;
					};
				};
			};
			buildConfigurationList = 8097C3262E36B7B6005B8C82 /* Build configuration list for PBXProject "Giant Text" */;
			developmentRegion = en;
			hasScannedForEncodings = 0;
			knownRegions = (
				en,
				Base,
				fr,
				es,
				de,
				he,
				ar,
				hi,
				ga,
				it,
				"zh-Hans",
				ja,
				"pt-BR",
				nl,
				sv,
				da,
				fi,
				pl,
				cs,
				sk,
				hu,
				ro,
				el,
				pt,
				ca,
				eu,
				"zh-Hant",
				ko,
				th,
				vi,
				id,
				ms,
				fil,
				bn,
				ta,
				te,
				kn,
				"fr-CA",
				gu,
				pa,
				ur,
				fa,
				tr,
				am,
				sw,
				ha,
				zu,
				af,
				ru,
				uk,
				be,
				uz,
				mn,
				bo,
				ne,
				si,
			);
			mainGroup = 8097C3222E36B7B6005B8C82;
			minimizedProjectReferenceProxies = 1;
			preferredProjectObjectVersion = 77;
			productRefGroup = 8097C32C2E36B7B6005B8C82 /* Products */;
			projectDirPath = "";
			projectRoot = "";
			targets = (
				8097C32A2E36B7B6005B8C82 /* Giant Text */,
				8097C33A2E36B7B7005B8C82 /* Giant TextTests */,
				8097C3442E36B7B7005B8C82 /* Giant TextUITests */,
				80FF475C2E38530800457F0B /* Giant Text WidgetExtension */,
			);
		};
/* End PBXProject section */

/* Begin PBXResourcesBuildPhase section */
		8097C3292E36B7B6005B8C82 /* Resources */ = {
			isa = PBXResourcesBuildPhase;
			buildActionMask = 2147483647;
			files = (
			);
			runOnlyForDeploymentPostprocessing = 0;
		};
		8097C3392E36B7B7005B8C82 /* Resources */ = {
			isa = PBXResourcesBuildPhase;
			buildActionMask = 2147483647;
			files = (
			);
			runOnlyForDeploymentPostprocessing = 0;
		};
		8097C3432E36B7B7005B8C82 /* Resources */ = {
			isa = PBXResourcesBuildPhase;
			buildActionMask = 2147483647;
			files = (
			);
			runOnlyForDeploymentPostprocessing = 0;
		};
		80FF475B2E38530800457F0B /* Resources */ = {
			isa = PBXResourcesBuildPhase;
			buildActionMask = 2147483647;
			files = (
			);
			runOnlyForDeploymentPostprocessing = 0;
		};
/* End PBXResourcesBuildPhase section */

/* Begin PBXSourcesBuildPhase section */
		8097C3272E36B7B6005B8C82 /* Sources */ = {
			isa = PBXSourcesBuildPhase;
			buildActionMask = 2147483647;
			files = (
			);
			runOnlyForDeploymentPostprocessing = 0;
		};
		8097C3372E36B7B7005B8C82 /* Sources */ = {
			isa = PBXSourcesBuildPhase;
			buildActionMask = 2147483647;
			files = (
			);
			runOnlyForDeploymentPostprocessing = 0;
		};
		8097C3412E36B7B7005B8C82 /* Sources */ = {
			isa = PBXSourcesBuildPhase;
			buildActionMask = 2147483647;
			files = (
			);
			runOnlyForDeploymentPostprocessing = 0;
		};
		80FF47592E38530800457F0B /* Sources */ = {
			isa = PBXSourcesBuildPhase;
			buildActionMask = 2147483647;
			files = (
			);
			runOnlyForDeploymentPostprocessing = 0;
		};
/* End PBXSourcesBuildPhase section */

/* Begin PBXTargetDependency section */
		8097C33D2E36B7B7005B8C82 /* PBXTargetDependency */ = {
			isa = PBXTargetDependency;
			target = 8097C32A2E36B7B6005B8C82 /* Giant Text */;
			targetProxy = 8097C33C2E36B7B7005B8C82 /* PBXContainerItemProxy */;
		};
		8097C3472E36B7B7005B8C82 /* PBXTargetDependency */ = {
			isa = PBXTargetDependency;
			target = 8097C32A2E36B7B6005B8C82 /* Giant Text */;
			targetProxy = 8097C3462E36B7B7005B8C82 /* PBXContainerItemProxy */;
		};
		80FF476D2E38530A00457F0B /* PBXTargetDependency */ = {
			isa = PBXTargetDependency;
			platformFilters = (
				ios,
			);
			target = 80FF475C2E38530800457F0B /* Giant Text WidgetExtension */;
			targetProxy = 80FF476C2E38530A00457F0B /* PBXContainerItemProxy */;
		};
/* End PBXTargetDependency section */

/* Begin XCBuildConfiguration section */
		8097C34D2E36B7B7005B8C82 /* Debug */ = {
			isa = XCBuildConfiguration;
			buildSettings = {
				ALWAYS_SEARCH_USER_PATHS = NO;
				ASSETCATALOG_COMPILER_GENERATE_SWIFT_ASSET_SYMBOL_EXTENSIONS = YES;
				CLANG_ANALYZER_NONNULL = YES;
				CLANG_ANALYZER_NUMBER_OBJECT_CONVERSION = YES_AGGRESSIVE;
				CLANG_CXX_LANGUAGE_STANDARD = "gnu++20";
				CLANG_ENABLE_MODULES = YES;
				CLANG_ENABLE_OBJC_ARC = YES;
				CLANG_ENABLE_OBJC_WEAK = YES;
				CLANG_WARN_BLOCK_CAPTURE_AUTORELEASING = YES;
				CLANG_WARN_BOOL_CONVERSION = YES;
				CLANG_WARN_COMMA = YES;
				CLANG_WARN_CONSTANT_CONVERSION = YES;
				CLANG_WARN_DEPRECATED_OBJC_IMPLEMENTATIONS = YES;
				CLANG_WARN_DIRECT_OBJC_ISA_USAGE = YES_ERROR;
				CLANG_WARN_DOCUMENTATION_COMMENTS = YES;
				CLANG_WARN_EMPTY_BODY = YES;
				CLANG_WARN_ENUM_CONVERSION = YES;
				CLANG_WARN_INFINITE_RECURSION = YES;
				CLANG_WARN_INT_CONVERSION = YES;
				CLANG_WARN_NON_LITERAL_NULL_CONVERSION = YES;
				CLANG_WARN_OBJC_IMPLICIT_RETAIN_SELF = YES;
				CLANG_WARN_OBJC_LITERAL_CONVERSION = YES;
				CLANG_WARN_OBJC_ROOT_CLASS = YES_ERROR;
				CLANG_WARN_QUOTED_INCLUDE_IN_FRAMEWORK_HEADER = YES;
				CLANG_WARN_RANGE_LOOP_ANALYSIS = YES;
				CLANG_WARN_STRICT_PROTOTYPES = YES;
				CLANG_WARN_SUSPICIOUS_MOVE = YES;
				CLANG_WARN_UNGUARDED_AVAILABILITY = YES_AGGRESSIVE;
				CLANG_WARN_UNREACHABLE_CODE = YES;
				CLANG_WARN__DUPLICATE_METHOD_MATCH = YES;
				COPY_PHASE_STRIP = NO;
				DEBUG_INFORMATION_FORMAT = dwarf;
				DEVELOPMENT_TEAM = EJLR2RPSV2;
				ENABLE_STRICT_OBJC_MSGSEND = YES;
				ENABLE_TESTABILITY = YES;
				ENABLE_USER_SCRIPT_SANDBOXING = YES;
				GCC_C_LANGUAGE_STANDARD = gnu17;
				GCC_DYNAMIC_NO_PIC = NO;
				GCC_NO_COMMON_BLOCKS = YES;
				GCC_OPTIMIZATION_LEVEL = 0;
				GCC_PREPROCESSOR_DEFINITIONS = (
					"DEBUG=1",
					"$(inherited)",
				);
				GCC_WARN_64_TO_32_BIT_CONVERSION = YES;
				GCC_WARN_ABOUT_RETURN_TYPE = YES_ERROR;
				GCC_WARN_UNDECLARED_SELECTOR = YES;
				GCC_WARN_UNINITIALIZED_AUTOS = YES_AGGRESSIVE;
				GCC_WARN_UNUSED_FUNCTION = YES;
				GCC_WARN_UNUSED_VARIABLE = YES;
				LOCALIZATION_PREFERS_STRING_CATALOGS = YES;
				MTL_ENABLE_DEBUG_INFO = INCLUDE_SOURCE;
				MTL_FAST_MATH = YES;
				ONLY_ACTIVE_ARCH = YES;
				SWIFT_ACTIVE_COMPILATION_CONDITIONS = "DEBUG $(inherited)";
				SWIFT_OPTIMIZATION_LEVEL = "-Onone";
			};
			name = Debug;
		};
		8097C34E2E36B7B7005B8C82 /* Release */ = {
			isa = XCBuildConfiguration;
			buildSettings = {
				ALWAYS_SEARCH_USER_PATHS = NO;
				ASSETCATALOG_COMPILER_GENERATE_SWIFT_ASSET_SYMBOL_EXTENSIONS = YES;
				CLANG_ANALYZER_NONNULL = YES;
				CLANG_ANALYZER_NUMBER_OBJECT_CONVERSION = YES_AGGRESSIVE;
				CLANG_CXX_LANGUAGE_STANDARD = "gnu++20";
				CLANG_ENABLE_MODULES = YES;
				CLANG_ENABLE_OBJC_ARC = YES;
				CLANG_ENABLE_OBJC_WEAK = YES;
				CLANG_WARN_BLOCK_CAPTURE_AUTORELEASING = YES;
				CLANG_WARN_BOOL_CONVERSION = YES;
				CLANG_WARN_COMMA = YES;
				CLANG_WARN_CONSTANT_CONVERSION = YES;
				CLANG_WARN_DEPRECATED_OBJC_IMPLEMENTATIONS = YES;
				CLANG_WARN_DIRECT_OBJC_ISA_USAGE = YES_ERROR;
				CLANG_WARN_DOCUMENTATION_COMMENTS = YES;
				CLANG_WARN_EMPTY_BODY = YES;
				CLANG_WARN_ENUM_CONVERSION = YES;
				CLANG_WARN_INFINITE_RECURSION = YES;
				CLANG_WARN_INT_CONVERSION = YES;
				CLANG_WARN_NON_LITERAL_NULL_CONVERSION = YES;
				CLANG_WARN_OBJC_IMPLICIT_RETAIN_SELF = YES;
				CLANG_WARN_OBJC_LITERAL_CONVERSION = YES;
				CLANG_WARN_OBJC_ROOT_CLASS = YES_ERROR;
				CLANG_WARN_QUOTED_INCLUDE_IN_FRAMEWORK_HEADER = YES;
				CLANG_WARN_RANGE_LOOP_ANALYSIS = YES;
				CLANG_WARN_STRICT_PROTOTYPES = YES;
				CLANG_WARN_SUSPICIOUS_MOVE = YES;
				CLANG_WARN_UNGUARDED_AVAILABILITY = YES_AGGRESSIVE;
				CLANG_WARN_UNREACHABLE_CODE = YES;
				CLANG_WARN__DUPLICATE_METHOD_MATCH = YES;
				COPY_PHASE_STRIP = NO;
				DEBUG_INFORMATION_FORMAT = "dwarf-with-dsym";
				DEVELOPMENT_TEAM = EJLR2RPSV2;
				ENABLE_NS_ASSERTIONS = NO;
				ENABLE_STRICT_OBJC_MSGSEND = YES;
				ENABLE_USER_SCRIPT_SANDBOXING = YES;
				GCC_C_LANGUAGE_STANDARD = gnu17;
				GCC_NO_COMMON_BLOCKS = YES;
				GCC_WARN_64_TO_32_BIT_CONVERSION = YES;
				GCC_WARN_ABOUT_RETURN_TYPE = YES_ERROR;
				GCC_WARN_UNDECLARED_SELECTOR = YES;
				GCC_WARN_UNINITIALIZED_AUTOS = YES_AGGRESSIVE;
				GCC_WARN_UNUSED_FUNCTION = YES;
				GCC_WARN_UNUSED_VARIABLE = YES;
				LOCALIZATION_PREFERS_STRING_CATALOGS = YES;
				MTL_ENABLE_DEBUG_INFO = NO;
				MTL_FAST_MATH = YES;
				SWIFT_COMPILATION_MODE = wholemodule;
			};
			name = Release;
		};
		8097C3502E36B7B7005B8C82 /* Debug */ = {
			isa = XCBuildConfiguration;
			buildSettings = {
				ASSETCATALOG_COMPILER_APPICON_NAME = AppIcon;
				ASSETCATALOG_COMPILER_GLOBAL_ACCENT_COLOR_NAME = AccentColor;
				CODE_SIGN_ENTITLEMENTS = "Giant Text/Giant_Text.entitlements";
				CODE_SIGN_STYLE = Automatic;
				CURRENT_PROJECT_VERSION = 1;
				DEVELOPMENT_TEAM = EJLR2RPSV2;
				ENABLE_HARDENED_RUNTIME = YES;
				ENABLE_PREVIEWS = YES;
				GENERATE_INFOPLIST_FILE = YES;
				INFOPLIST_KEY_CFBundleDisplayName = GT;
				INFOPLIST_KEY_LSApplicationCategoryType = "public.app-category.utilities";
				"INFOPLIST_KEY_UIApplicationSceneManifest_Generation[sdk=iphoneos*]" = YES;
				"INFOPLIST_KEY_UIApplicationSceneManifest_Generation[sdk=iphonesimulator*]" = YES;
				"INFOPLIST_KEY_UIApplicationSupportsIndirectInputEvents[sdk=iphoneos*]" = YES;
				"INFOPLIST_KEY_UIApplicationSupportsIndirectInputEvents[sdk=iphonesimulator*]" = YES;
				"INFOPLIST_KEY_UILaunchScreen_Generation[sdk=iphoneos*]" = YES;
				"INFOPLIST_KEY_UILaunchScreen_Generation[sdk=iphonesimulator*]" = YES;
				"INFOPLIST_KEY_UIStatusBarStyle[sdk=iphoneos*]" = UIStatusBarStyleDefault;
				"INFOPLIST_KEY_UIStatusBarStyle[sdk=iphonesimulator*]" = UIStatusBarStyleDefault;
				INFOPLIST_KEY_UISupportedInterfaceOrientations = UIInterfaceOrientationPortrait;
				INFOPLIST_KEY_UISupportedInterfaceOrientations_iPad = "UIInterfaceOrientationLandscapeLeft UIInterfaceOrientationLandscapeRight UIInterfaceOrientationPortrait UIInterfaceOrientationPortraitUpsideDown";
				IPHONEOS_DEPLOYMENT_TARGET = 18.5;
				LD_RUNPATH_SEARCH_PATHS = "@executable_path/Frameworks";
				"LD_RUNPATH_SEARCH_PATHS[sdk=macosx*]" = "@executable_path/../Frameworks";
				MACOSX_DEPLOYMENT_TARGET = 14.0;
				MARKETING_VERSION = 1.0;
				PRODUCT_BUNDLE_IDENTIFIER = "com.fennel.Giant-Text";
				PRODUCT_NAME = "$(TARGET_NAME)";
				REGISTER_APP_GROUPS = YES;
				SDKROOT = auto;
				SUPPORTED_PLATFORMS = "appletvos appletvsimulator iphoneos iphonesimulator macosx xros xrsimulator";
				SWIFT_EMIT_LOC_STRINGS = YES;
				SWIFT_VERSION = 5.0;
				TARGETED_DEVICE_FAMILY = "1,2,3,7";
				TVOS_DEPLOYMENT_TARGET = 18.5;
				XROS_DEPLOYMENT_TARGET = 2.5;
			};
			name = Debug;
		};
		8097C3512E36B7B7005B8C82 /* Release */ = {
			isa = XCBuildConfiguration;
			buildSettings = {
				ASSETCATALOG_COMPILER_APPICON_NAME = AppIcon;
				ASSETCATALOG_COMPILER_GLOBAL_ACCENT_COLOR_NAME = AccentColor;
				CODE_SIGN_ENTITLEMENTS = "Giant Text/Giant_Text.entitlements";
				CODE_SIGN_STYLE = Automatic;
				CURRENT_PROJECT_VERSION = 1;
				DEVELOPMENT_TEAM = EJLR2RPSV2;
				ENABLE_HARDENED_RUNTIME = YES;
				ENABLE_PREVIEWS = YES;
				GENERATE_INFOPLIST_FILE = YES;
				INFOPLIST_KEY_CFBundleDisplayName = GT;
				INFOPLIST_KEY_LSApplicationCategoryType = "public.app-category.utilities";
				"INFOPLIST_KEY_UIApplicationSceneManifest_Generation[sdk=iphoneos*]" = YES;
				"INFOPLIST_KEY_UIApplicationSceneManifest_Generation[sdk=iphonesimulator*]" = YES;
				"INFOPLIST_KEY_UIApplicationSupportsIndirectInputEvents[sdk=iphoneos*]" = YES;
				"INFOPLIST_KEY_UIApplicationSupportsIndirectInputEvents[sdk=iphonesimulator*]" = YES;
				"INFOPLIST_KEY_UILaunchScreen_Generation[sdk=iphoneos*]" = YES;
				"INFOPLIST_KEY_UILaunchScreen_Generation[sdk=iphonesimulator*]" = YES;
				"INFOPLIST_KEY_UIStatusBarStyle[sdk=iphoneos*]" = UIStatusBarStyleDefault;
				"INFOPLIST_KEY_UIStatusBarStyle[sdk=iphonesimulator*]" = UIStatusBarStyleDefault;
				INFOPLIST_KEY_UISupportedInterfaceOrientations = UIInterfaceOrientationPortrait;
				INFOPLIST_KEY_UISupportedInterfaceOrientations_iPad = "UIInterfaceOrientationLandscapeLeft UIInterfaceOrientationLandscapeRight UIInterfaceOrientationPortrait UIInterfaceOrientationPortraitUpsideDown";
				IPHONEOS_DEPLOYMENT_TARGET = 18.5;
				LD_RUNPATH_SEARCH_PATHS = "@executable_path/Frameworks";
				"LD_RUNPATH_SEARCH_PATHS[sdk=macosx*]" = "@executable_path/../Frameworks";
				MACOSX_DEPLOYMENT_TARGET = 14.0;
				MARKETING_VERSION = 1.0;
				PRODUCT_BUNDLE_IDENTIFIER = "com.fennel.Giant-Text";
				PRODUCT_NAME = "$(TARGET_NAME)";
				REGISTER_APP_GROUPS = YES;
				SDKROOT = auto;
				SUPPORTED_PLATFORMS = "appletvos appletvsimulator iphoneos iphonesimulator macosx xros xrsimulator";
				SWIFT_EMIT_LOC_STRINGS = YES;
				SWIFT_VERSION = 5.0;
				TARGETED_DEVICE_FAMILY = "1,2,3,7";
				TVOS_DEPLOYMENT_TARGET = 18.5;
				XROS_DEPLOYMENT_TARGET = 2.5;
			};
			name = Release;
		};
		8097C3532E36B7B7005B8C82 /* Debug */ = {
			isa = XCBuildConfiguration;
			buildSettings = {
				BUNDLE_LOADER = "$(TEST_HOST)";
				CODE_SIGN_STYLE = Automatic;
				CURRENT_PROJECT_VERSION = 1;
				DEVELOPMENT_TEAM = EJLR2RPSV2;
				GENERATE_INFOPLIST_FILE = YES;
				IPHONEOS_DEPLOYMENT_TARGET = 18.5;
				MACOSX_DEPLOYMENT_TARGET = 15.5;
				MARKETING_VERSION = 1.0;
				PRODUCT_BUNDLE_IDENTIFIER = "com.fennel.Giant-TextTests";
				PRODUCT_NAME = "$(TARGET_NAME)";
				SDKROOT = auto;
				SUPPORTED_PLATFORMS = "appletvos appletvsimulator iphoneos iphonesimulator macosx xros xrsimulator";
				SWIFT_EMIT_LOC_STRINGS = NO;
				SWIFT_VERSION = 5.0;
				TARGETED_DEVICE_FAMILY = "1,2,3,7";
				TEST_HOST = "$(BUILT_PRODUCTS_DIR)/Giant Text.app/$(BUNDLE_EXECUTABLE_FOLDER_PATH)/Giant Text";
				TVOS_DEPLOYMENT_TARGET = 18.5;
				XROS_DEPLOYMENT_TARGET = 2.5;
			};
			name = Debug;
		};
		8097C3542E36B7B7005B8C82 /* Release */ = {
			isa = XCBuildConfiguration;
			buildSettings = {
				BUNDLE_LOADER = "$(TEST_HOST)";
				CODE_SIGN_STYLE = Automatic;
				CURRENT_PROJECT_VERSION = 1;
				DEVELOPMENT_TEAM = EJLR2RPSV2;
				GENERATE_INFOPLIST_FILE = YES;
				IPHONEOS_DEPLOYMENT_TARGET = 18.5;
				MACOSX_DEPLOYMENT_TARGET = 15.5;
				MARKETING_VERSION = 1.0;
				PRODUCT_BUNDLE_IDENTIFIER = "com.fennel.Giant-TextTests";
				PRODUCT_NAME = "$(TARGET_NAME)";
				SDKROOT = auto;
				SUPPORTED_PLATFORMS = "appletvos appletvsimulator iphoneos iphonesimulator macosx xros xrsimulator";
				SWIFT_EMIT_LOC_STRINGS = NO;
				SWIFT_VERSION = 5.0;
				TARGETED_DEVICE_FAMILY = "1,2,3,7";
				TEST_HOST = "$(BUILT_PRODUCTS_DIR)/Giant Text.app/$(BUNDLE_EXECUTABLE_FOLDER_PATH)/Giant Text";
				TVOS_DEPLOYMENT_TARGET = 18.5;
				XROS_DEPLOYMENT_TARGET = 2.5;
			};
			name = Release;
		};
		8097C3562E36B7B7005B8C82 /* Debug */ = {
			isa = XCBuildConfiguration;
			buildSettings = {
				CODE_SIGN_STYLE = Automatic;
				CURRENT_PROJECT_VERSION = 1;
				DEVELOPMENT_TEAM = EJLR2RPSV2;
				GENERATE_INFOPLIST_FILE = YES;
				IPHONEOS_DEPLOYMENT_TARGET = 18.5;
				MACOSX_DEPLOYMENT_TARGET = 15.5;
				MARKETING_VERSION = 1.0;
				PRODUCT_BUNDLE_IDENTIFIER = "com.fennel.Giant-TextUITests";
				PRODUCT_NAME = "$(TARGET_NAME)";
				SDKROOT = auto;
				SUPPORTED_PLATFORMS = "appletvos appletvsimulator iphoneos iphonesimulator macosx xros xrsimulator";
				SWIFT_EMIT_LOC_STRINGS = NO;
				SWIFT_VERSION = 5.0;
				TARGETED_DEVICE_FAMILY = "1,2,3,7";
				TEST_TARGET_NAME = "Giant Text";
				TVOS_DEPLOYMENT_TARGET = 18.5;
				XROS_DEPLOYMENT_TARGET = 2.5;
			};
			name = Debug;
		};
		8097C3572E36B7B7005B8C82 /* Release */ = {
			isa = XCBuildConfiguration;
			buildSettings = {
				CODE_SIGN_STYLE = Automatic;
				CURRENT_PROJECT_VERSION = 1;
				DEVELOPMENT_TEAM = EJLR2RPSV2;
				GENERATE_INFOPLIST_FILE = YES;
				IPHONEOS_DEPLOYMENT_TARGET = 18.5;
				MACOSX_DEPLOYMENT_TARGET = 15.5;
				MARKETING_VERSION = 1.0;
				PRODUCT_BUNDLE_IDENTIFIER = "com.fennel.Giant-TextUITests";
				PRODUCT_NAME = "$(TARGET_NAME)";
				SDKROOT = auto;
				SUPPORTED_PLATFORMS = "appletvos appletvsimulator iphoneos iphonesimulator macosx xros xrsimulator";
				SWIFT_EMIT_LOC_STRINGS = NO;
				SWIFT_VERSION = 5.0;
				TARGETED_DEVICE_FAMILY = "1,2,3,7";
				TEST_TARGET_NAME = "Giant Text";
				TVOS_DEPLOYMENT_TARGET = 18.5;
				XROS_DEPLOYMENT_TARGET = 2.5;
			};
			name = Release;
		};
		80FF47702E38530A00457F0B /* Debug */ = {
			isa = XCBuildConfiguration;
			buildSettings = {
				ASSETCATALOG_COMPILER_GLOBAL_ACCENT_COLOR_NAME = AccentColor;
				ASSETCATALOG_COMPILER_WIDGET_BACKGROUND_COLOR_NAME = WidgetBackground;
				CODE_SIGN_ENTITLEMENTS = "Giant Text WidgetExtension.entitlements";
				CODE_SIGN_STYLE = Automatic;
				CURRENT_PROJECT_VERSION = 1;
				DEVELOPMENT_TEAM = EJLR2RPSV2;
				GENERATE_INFOPLIST_FILE = YES;
				INFOPLIST_FILE = "Giant Text Widget/Info.plist";
				INFOPLIST_KEY_CFBundleDisplayName = "Giant Text Widget";
				INFOPLIST_KEY_NSHumanReadableCopyright = "";
				IPHONEOS_DEPLOYMENT_TARGET = 18.5;
				LD_RUNPATH_SEARCH_PATHS = (
					"$(inherited)",
					"@executable_path/Frameworks",
					"@executable_path/../../Frameworks",
				);
				MARKETING_VERSION = 1.0;
				PRODUCT_BUNDLE_IDENTIFIER = "com.fennel.Giant-Text.Giant-Text-Widget";
				PRODUCT_NAME = "$(TARGET_NAME)";
				SDKROOT = iphoneos;
				SKIP_INSTALL = YES;
				SWIFT_EMIT_LOC_STRINGS = YES;
				SWIFT_VERSION = 5.0;
				TARGETED_DEVICE_FAMILY = "1,2";
			};
			name = Debug;
		};
		80FF47712E38530A00457F0B /* Release */ = {
			isa = XCBuildConfiguration;
			buildSettings = {
				ASSETCATALOG_COMPILER_GLOBAL_ACCENT_COLOR_NAME = AccentColor;
				ASSETCATALOG_COMPILER_WIDGET_BACKGROUND_COLOR_NAME = WidgetBackground;
				CODE_SIGN_ENTITLEMENTS = "Giant Text WidgetExtension.entitlements";
				CODE_SIGN_STYLE = Automatic;
				CURRENT_PROJECT_VERSION = 1;
				DEVELOPMENT_TEAM = EJLR2RPSV2;
				GENERATE_INFOPLIST_FILE = YES;
				INFOPLIST_FILE = "Giant Text Widget/Info.plist";
				INFOPLIST_KEY_CFBundleDisplayName = "Giant Text Widget";
				INFOPLIST_KEY_NSHumanReadableCopyright = "";
				IPHONEOS_DEPLOYMENT_TARGET = 18.5;
				LD_RUNPATH_SEARCH_PATHS = (
					"$(inherited)",
					"@executable_path/Frameworks",
					"@executable_path/../../Frameworks",
				);
				MARKETING_VERSION = 1.0;
				PRODUCT_BUNDLE_IDENTIFIER = "com.fennel.Giant-Text.Giant-Text-Widget";
				PRODUCT_NAME = "$(TARGET_NAME)";
				SDKROOT = iphoneos;
				SKIP_INSTALL = YES;
				SWIFT_EMIT_LOC_STRINGS = YES;
				SWIFT_VERSION = 5.0;
				TARGETED_DEVICE_FAMILY = "1,2";
				VALIDATE_PRODUCT = YES;
			};
			name = Release;
		};
/* End XCBuildConfiguration section */

/* Begin XCConfigurationList section */
		8097C3262E36B7B6005B8C82 /* Build configuration list for PBXProject "Giant Text" */ = {
			isa = XCConfigurationList;
			buildConfigurations = (
				8097C34D2E36B7B7005B8C82 /* Debug */,
				8097C34E2E36B7B7005B8C82 /* Release */,
			);
			defaultConfigurationIsVisible = 0;
			defaultConfigurationName = Release;
		};
		8097C34F2E36B7B7005B8C82 /* Build configuration list for PBXNativeTarget "Giant Text" */ = {
			isa = XCConfigurationList;
			buildConfigurations = (
				8097C3502E36B7B7005B8C82 /* Debug */,
				8097C3512E36B7B7005B8C82 /* Release */,
			);
			defaultConfigurationIsVisible = 0;
			defaultConfigurationName = Release;
		};
		8097C3522E36B7B7005B8C82 /* Build configuration list for PBXNativeTarget "Giant TextTests" */ = {
			isa = XCConfigurationList;
			buildConfigurations = (
				8097C3532E36B7B7005B8C82 /* Debug */,
				8097C3542E36B7B7005B8C82 /* Release */,
			);
			defaultConfigurationIsVisible = 0;
			defaultConfigurationName = Release;
		};
		8097C3552E36B7B7005B8C82 /* Build configuration list for PBXNativeTarget "Giant TextUITests" */ = {
			isa = XCConfigurationList;
			buildConfigurations = (
				8097C3562E36B7B7005B8C82 /* Debug */,
				8097C3572E36B7B7005B8C82 /* Release */,
			);
			defaultConfigurationIsVisible = 0;
			defaultConfigurationName = Release;
		};
		80FF47732E38530A00457F0B /* Build configuration list for PBXNativeTarget "Giant Text WidgetExtension" */ = {
			isa = XCConfigurationList;
			buildConfigurations = (
				80FF47702E38530A00457F0B /* Debug */,
				80FF47712E38530A00457F0B /* Release */,
			);
			defaultConfigurationIsVisible = 0;
			defaultConfigurationName = Release;
		};
/* End XCConfigurationList section */
	};
	rootObject = 8097C3232E36B7B6005B8C82 /* Project object */;
}
